
Microsoft Visual Studio Solution File, Format Version 12.00
# Visual Studio 15
VisualStudioVersion = 15.0.27130.2027
MinimumVisualStudioVersion = 10.0.40219.1
Project("{9A19103F-16F7-4668-BE54-9A1E7A4F7556}") = "Project.Entities", "Project.Entities\Project.Entities.csproj", "{351C9764-CF7C-4FF0-AFA4-A1FEFFF7C0CC}"
EndProject
Project("{9A19103F-16F7-4668-BE54-9A1E7A4F7556}") = "Project.DataBase", "Project.DataBase\Project.DataBase.csproj", "{4039E59A-CD37-49D6-BA5D-806732F33730}"
EndProject
Project("{9A19103F-16F7-4668-BE54-9A1E7A4F7556}") = "Project.App", "Project.App\Project.App.csproj", "{39DCBBCC-EA2E-4054-AF43-F933E779AC50}"
EndProject
Global
	GlobalSection(SolutionConfigurationPlatforms) = preSolution
		Debug|Any CPU = Debug|Any CPU
		Release|Any CPU = Release|Any CPU
	EndGlobalSection
	GlobalSection(ProjectConfigurationPlatforms) = postSolution
		{351C9764-CF7C-4FF0-AFA4-A1FEFFF7C0CC}.Debug|Any CPU.ActiveCfg = Debug|Any CPU
		{351C9764-CF7C-4FF0-AFA4-A1FEFFF7C0CC}.Debug|Any CPU.Build.0 = Debug|Any CPU
		{351C9764-CF7C-4FF0-AFA4-A1FEFFF7C0CC}.Release|Any CPU.ActiveCfg = Release|Any CPU
		{351C9764-CF7C-4FF0-AFA4-A1FEFFF7C0CC}.Release|Any CPU.Build.0 = Release|Any CPU
		{4039E59A-CD37-49D6-BA5D-806732F33730}.Debug|Any CPU.ActiveCfg = Debug|Any CPU
		{4039E59A-CD37-49D6-BA5D-806732F33730}.Debug|Any CPU.Build.0 = Debug|Any CPU
		{4039E59A-CD37-49D6-BA5D-806732F33730}.Release|Any CPU.ActiveCfg = Release|Any CPU
		{4039E59A-CD37-49D6-BA5D-806732F33730}.Release|Any CPU.Build.0 = Release|Any CPU
		{39DCBBCC-EA2E-4054-AF43-F933E779AC50}.Debug|Any CPU.ActiveCfg = Debug|Any CPU
		{39DCBBCC-EA2E-4054-AF43-F933E779AC50}.Debug|Any CPU.Build.0 = Debug|Any CPU
		{39DCBBCC-EA2E-4054-AF43-F933E779AC50}.Release|Any CPU.ActiveCfg = Release|Any CPU
		{39DCBBCC-EA2E-4054-AF43-F933E779AC50}.Release|Any CPU.Build.0 = Release|Any CPU
	EndGlobalSection
	GlobalSection(SolutionProperties) = preSolution
		HideSolutionNode = FALSE
	EndGlobalSection
	GlobalSection(ExtensibilityGlobals) = postSolution
		SolutionGuid = {0F996287-6082-421A-9E8B-4125CEFE71C9}
	EndGlobalSection
EndGlobal
